
Microsoft Visual Studio Solution File, Format Version 12.00
# Visual Studio Version 16
VisualStudioVersion = 16.0.29519.181
MinimumVisualStudioVersion = 10.0.40219.1
Project("{FAE04EC0-301F-11D3-BF4B-00C04F79EFBC}") = "Publisher", "Publisher\Publisher.csproj", "{BF553CDC-50C2-4001-BE07-D976D35A4814}"
EndProject
Project("{FAE04EC0-301F-11D3-BF4B-00C04F79EFBC}") = "Consumer", "Consumer\Consumer.csproj", "{60742E23-0606-4CD6-9516-0A20CF33BFA2}"
EndProject
Global
	GlobalSection(SolutionConfigurationPlatforms) = preSolution
		Debug|Any CPU = Debug|Any CPU
		Release|Any CPU = Release|Any CPU
	EndGlobalSection
	GlobalSection(ProjectConfigurationPlatforms) = postSolution
		{BF553CDC-50C2-4001-BE07-D976D35A4814}.Debug|Any CPU.ActiveCfg = Debug|Any CPU
		{BF553CDC-50C2-4001-BE07-D976D35A4814}.Debug|Any CPU.Build.0 = Debug|Any CPU
		{BF553CDC-50C2-4001-BE07-D976D35A4814}.Release|Any CPU.ActiveCfg = Release|Any CPU
		{BF553CDC-50C2-4001-BE07-D976D35A4814}.Release|Any CPU.Build.0 = Release|Any CPU
		{60742E23-0606-4CD6-9516-0A20CF33BFA2}.Debug|Any CPU.ActiveCfg = Debug|Any CPU
		{60742E23-0606-4CD6-9516-0A20CF33BFA2}.Debug|Any CPU.Build.0 = Debug|Any CPU
		{60742E23-0606-4CD6-9516-0A20CF33BFA2}.Release|Any CPU.ActiveCfg = Release|Any CPU
		{60742E23-0606-4CD6-9516-0A20CF33BFA2}.Release|Any CPU.Build.0 = Release|Any CPU
	EndGlobalSection
	GlobalSection(SolutionProperties) = preSolution
		HideSolutionNode = FALSE
	EndGlobalSection
	GlobalSection(ExtensibilityGlobals) = postSolution
		SolutionGuid = {1370C330-221F-4F19-8BDF-8396646C28EA}
	EndGlobalSection
EndGlobal
